
Microsoft Visual Studio Solution File, Format Version 12.00
# Visual Studio Version 17
VisualStudioVersion = 17.12.35527.113 d17.12
MinimumVisualStudioVersion = 10.0.40219.1
Project("{FAE04EC0-301F-11D3-BF4B-00C04F79EFBC}") = "BpkbMvc", "BpkbMvc.csproj", "{FE810DB1-1B53-491D-89EA-6F3AE3A8F43B}"
EndProject
Global
	GlobalSection(SolutionConfigurationPlatforms) = preSolution
		Debug|Any CPU = Debug|Any CPU
		Release|Any CPU = Release|Any CPU
	EndGlobalSection
	GlobalSection(ProjectConfigurationPlatforms) = postSolution
		{FE810DB1-1B53-491D-89EA-6F3AE3A8F43B}.Debug|Any CPU.ActiveCfg = Debug|Any CPU
		{FE810DB1-1B53-491D-89EA-6F3AE3A8F43B}.Debug|Any CPU.Build.0 = Debug|Any CPU
		{FE810DB1-1B53-491D-89EA-6F3AE3A8F43B}.Release|Any CPU.ActiveCfg = Release|Any CPU
		{FE810DB1-1B53-491D-89EA-6F3AE3A8F43B}.Release|Any CPU.Build.0 = Release|Any CPU
	EndGlobalSection
	GlobalSection(SolutionProperties) = preSolution
		HideSolutionNode = FALSE
	EndGlobalSection
EndGlobal
